
Microsoft Visual Studio Solution File, Format Version 12.00
# Visual Studio Version 17
VisualStudioVersion = 17.0.31903.59
MinimumVisualStudioVersion = 10.0.40219.1
Project("{2150E333-8FDC-42A3-9474-1A3956D46DE8}") = "src", "src", "{827E0CD3-B72D-47B6-A68D-7590B98EB39B}"
EndProject
Project("{2150E333-8FDC-42A3-9474-1A3956D46DE8}") = "Services", "Services", "{984BB9B3-3FA3-BE33-9484-CAC21695A33C}"
EndProject
Project("{2150E333-8FDC-42A3-9474-1A3956D46DE8}") = "Identity", "Identity", "{1BFC9479-12BF-35C3-06B8-42D89D95092B}"
EndProject
Project("{FAE04EC0-301F-11D3-BF4B-00C04F79EFBC}") = "Identity.Api", "src\Services\Identity\Identity.Api\Identity.Api.csproj", "{B52202FD-7AF5-49CF-95F5-6044E92CE12E}"
EndProject
Project("{2150E333-8FDC-42A3-9474-1A3956D46DE8}") = "Catalog", "Catalog", "{C91C1CF1-1625-0789-F869-53D87D6277BA}"
EndProject
Project("{FAE04EC0-301F-11D3-BF4B-00C04F79EFBC}") = "Catalog.Api", "src\Services\Catalog\Catalog.Api\Catalog.Api.csproj", "{EE098930-5973-47AC-B706-22B60CFBAACD}"
EndProject
Project("{2150E333-8FDC-42A3-9474-1A3956D46DE8}") = "Ordering", "Ordering", "{D3BAB01C-7F3F-8576-96BE-8BE70C9B9915}"
EndProject
Project("{FAE04EC0-301F-11D3-BF4B-00C04F79EFBC}") = "Ordering.Api", "src\Services\Ordering\Ordering.Api\Ordering.Api.csproj", "{5777C60C-D665-4F34-A5E5-7E4D2FDF3716}"
EndProject
Project("{2150E333-8FDC-42A3-9474-1A3956D46DE8}") = "Notification", "Notification", "{C5FBE174-8E0F-F5A3-B929-8BD0C55C0A32}"
EndProject
Project("{FAE04EC0-301F-11D3-BF4B-00C04F79EFBC}") = "Notification.Worker", "src\Services\Notification\Notification.Worker\Notification.Worker.csproj", "{DD2B837D-B852-470D-AC7D-CF5672C3023B}"
EndProject
Project("{2150E333-8FDC-42A3-9474-1A3956D46DE8}") = "Gateway", "Gateway", "{6306A8FB-679E-111F-6585-8F70E0EE6013}"
EndProject
Project("{FAE04EC0-301F-11D3-BF4B-00C04F79EFBC}") = "Gateway.Api", "src\Gateway\Gateway.Api\Gateway.Api.csproj", "{955C4A9C-4F29-4EF7-909B-D57DC080425A}"
EndProject
Global
	GlobalSection(SolutionConfigurationPlatforms) = preSolution
		Debug|Any CPU = Debug|Any CPU
		Debug|x64 = Debug|x64
		Debug|x86 = Debug|x86
		Release|Any CPU = Release|Any CPU
		Release|x64 = Release|x64
		Release|x86 = Release|x86
	EndGlobalSection
	GlobalSection(ProjectConfigurationPlatforms) = postSolution
		{B52202FD-7AF5-49CF-95F5-6044E92CE12E}.Debug|Any CPU.ActiveCfg = Debug|Any CPU
		{B52202FD-7AF5-49CF-95F5-6044E92CE12E}.Debug|Any CPU.Build.0 = Debug|Any CPU
		{B52202FD-7AF5-49CF-95F5-6044E92CE12E}.Debug|x64.ActiveCfg = Debug|Any CPU
		{B52202FD-7AF5-49CF-95F5-6044E92CE12E}.Debug|x64.Build.0 = Debug|Any CPU
		{B52202FD-7AF5-49CF-95F5-6044E92CE12E}.Debug|x86.ActiveCfg = Debug|Any CPU
		{B52202FD-7AF5-49CF-95F5-6044E92CE12E}.Debug|x86.Build.0 = Debug|Any CPU
		{B52202FD-7AF5-49CF-95F5-6044E92CE12E}.Release|Any CPU.ActiveCfg = Release|Any CPU
		{B52202FD-7AF5-49CF-95F5-6044E92CE12E}.Release|Any CPU.Build.0 = Release|Any CPU
		{B52202FD-7AF5-49CF-95F5-6044E92CE12E}.Release|x64.ActiveCfg = Release|Any CPU
		{B52202FD-7AF5-49CF-95F5-6044E92CE12E}.Release|x64.Build.0 = Release|Any CPU
		{B52202FD-7AF5-49CF-95F5-6044E92CE12E}.Release|x86.ActiveCfg = Release|Any CPU
		{B52202FD-7AF5-49CF-95F5-6044E92CE12E}.Release|x86.Build.0 = Release|Any CPU
		{EE098930-5973-47AC-B706-22B60CFBAACD}.Debug|Any CPU.ActiveCfg = Debug|Any CPU
		{EE098930-5973-47AC-B706-22B60CFBAACD}.Debug|Any CPU.Build.0 = Debug|Any CPU
		{EE098930-5973-47AC-B706-22B60CFBAACD}.Debug|x64.ActiveCfg = Debug|Any CPU
		{EE098930-5973-47AC-B706-22B60CFBAACD}.Debug|x64.Build.0 = Debug|Any CPU
		{EE098930-5973-47AC-B706-22B60CFBAACD}.Debug|x86.ActiveCfg = Debug|Any CPU
		{EE098930-5973-47AC-B706-22B60CFBAACD}.Debug|x86.Build.0 = Debug|Any CPU
		{EE098930-5973-47AC-B706-22B60CFBAACD}.Release|Any CPU.ActiveCfg = Release|Any CPU
		{EE098930-5973-47AC-B706-22B60CFBAACD}.Release|Any CPU.Build.0 = Release|Any CPU
		{EE098930-5973-47AC-B706-22B60CFBAACD}.Release|x64.ActiveCfg = Release|Any CPU
		{EE098930-5973-47AC-B706-22B60CFBAACD}.Release|x64.Build.0 = Release|Any CPU
		{EE098930-5973-47AC-B706-22B60CFBAACD}.Release|x86.ActiveCfg = Release|Any CPU
		{EE098930-5973-47AC-B706-22B60CFBAACD}.Release|x86.Build.0 = Release|Any CPU
		{5777C60C-D665-4F34-A5E5-7E4D2FDF3716}.Debug|Any CPU.ActiveCfg = Debug|Any CPU
		{5777C60C-D665-4F34-A5E5-7E4D2FDF3716}.Debug|Any CPU.Build.0 = Debug|Any CPU
		{5777C60C-D665-4F34-A5E5-7E4D2FDF3716}.Debug|x64.ActiveCfg = Debug|Any CPU
		{5777C60C-D665-4F34-A5E5-7E4D2FDF3716}.Debug|x64.Build.0 = Debug|Any CPU
		{5777C60C-D665-4F34-A5E5-7E4D2FDF3716}.Debug|x86.ActiveCfg = Debug|Any CPU
		{5777C60C-D665-4F34-A5E5-7E4D2FDF3716}.Debug|x86.Build.0 = Debug|Any CPU
		{5777C60C-D665-4F34-A5E5-7E4D2FDF3716}.Release|Any CPU.ActiveCfg = Release|Any CPU
		{5777C60C-D665-4F34-A5E5-7E4D2FDF3716}.Release|Any CPU.Build.0 = Release|Any CPU
		{5777C60C-D665-4F34-A5E5-7E4D2FDF3716}.Release|x64.ActiveCfg = Release|Any CPU
		{5777C60C-D665-4F34-A5E5-7E4D2FDF3716}.Release|x64.Build.0 = Release|Any CPU
		{5777C60C-D665-4F34-A5E5-7E4D2FDF3716}.Release|x86.ActiveCfg = Release|Any CPU
		{5777C60C-D665-4F34-A5E5-7E4D2FDF3716}.Release|x86.Build.0 = Release|Any CPU
		{DD2B837D-B852-470D-AC7D-CF5672C3023B}.Debug|Any CPU.ActiveCfg = Debug|Any CPU
		{DD2B837D-B852-470D-AC7D-CF5672C3023B}.Debug|Any CPU.Build.0 = Debug|Any CPU
		{DD2B837D-B852-470D-AC7D-CF5672C3023B}.Debug|x64.ActiveCfg = Debug|Any CPU
		{DD2B837D-B852-470D-AC7D-CF5672C3023B}.Debug|x64.Build.0 = Debug|Any CPU
		{DD2B837D-B852-470D-AC7D-CF5672C3023B}.Debug|x86.ActiveCfg = Debug|Any CPU
		{DD2B837D-B852-470D-AC7D-CF5672C3023B}.Debug|x86.Build.0 = Debug|Any CPU
		{DD2B837D-B852-470D-AC7D-CF5672C3023B}.Release|Any CPU.ActiveCfg = Release|Any CPU
		{DD2B837D-B852-470D-AC7D-CF5672C3023B}.Release|Any CPU.Build.0 = Release|Any CPU
		{DD2B837D-B852-470D-AC7D-CF5672C3023B}.Release|x64.ActiveCfg = Release|Any CPU
		{DD2B837D-B852-470D-AC7D-CF5672C3023B}.Release|x64.Build.0 = Release|Any CPU
		{DD2B837D-B852-470D-AC7D-CF5672C3023B}.Release|x86.ActiveCfg = Release|Any CPU
		{DD2B837D-B852-470D-AC7D-CF5672C3023B}.Release|x86.Build.0 = Release|Any CPU
		{955C4A9C-4F29-4EF7-909B-D57DC080425A}.Debug|Any CPU.ActiveCfg = Debug|Any CPU
		{955C4A9C-4F29-4EF7-909B-D57DC080425A}.Debug|Any CPU.Build.0 = Debug|Any CPU
		{955C4A9C-4F29-4EF7-909B-D57DC080425A}.Debug|x64.ActiveCfg = Debug|Any CPU
		{955C4A9C-4F29-4EF7-909B-D57DC080425A}.Debug|x64.Build.0 = Debug|Any CPU
		{955C4A9C-4F29-4EF7-909B-D57DC080425A}.Debug|x86.ActiveCfg = Debug|Any CPU
		{955C4A9C-4F29-4EF7-909B-D57DC080425A}.Debug|x86.Build.0 = Debug|Any CPU
		{955C4A9C-4F29-4EF7-909B-D57DC080425A}.Release|Any CPU.ActiveCfg = Release|Any CPU
		{955C4A9C-4F29-4EF7-909B-D57DC080425A}.Release|Any CPU.Build.0 = Release|Any CPU
		{955C4A9C-4F29-4EF7-909B-D57DC080425A}.Release|x64.ActiveCfg = Release|Any CPU
		{955C4A9C-4F29-4EF7-909B-D57DC080425A}.Release|x64.Build.0 = Release|Any CPU
		{955C4A9C-4F29-4EF7-909B-D57DC080425A}.Release|x86.ActiveCfg = Release|Any CPU
		{955C4A9C-4F29-4EF7-909B-D57DC080425A}.Release|x86.Build.0 = Release|Any CPU
	EndGlobalSection
	GlobalSection(SolutionProperties) = preSolution
		HideSolutionNode = FALSE
	EndGlobalSection
	GlobalSection(NestedProjects) = preSolution
		{984BB9B3-3FA3-BE33-9484-CAC21695A33C} = {827E0CD3-B72D-47B6-A68D-7590B98EB39B}
		{1BFC9479-12BF-35C3-06B8-42D89D95092B} = {984BB9B3-3FA3-BE33-9484-CAC21695A33C}
		{B52202FD-7AF5-49CF-95F5-6044E92CE12E} = {1BFC9479-12BF-35C3-06B8-42D89D95092B}
		{C91C1CF1-1625-0789-F869-53D87D6277BA} = {984BB9B3-3FA3-BE33-9484-CAC21695A33C}
		{EE098930-5973-47AC-B706-22B60CFBAACD} = {C91C1CF1-1625-0789-F869-53D87D6277BA}
		{D3BAB01C-7F3F-8576-96BE-8BE70C9B9915} = {984BB9B3-3FA3-BE33-9484-CAC21695A33C}
		{5777C60C-D665-4F34-A5E5-7E4D2FDF3716} = {D3BAB01C-7F3F-8576-96BE-8BE70C9B9915}
		{C5FBE174-8E0F-F5A3-B929-8BD0C55C0A32} = {984BB9B3-3FA3-BE33-9484-CAC21695A33C}
		{DD2B837D-B852-470D-AC7D-CF5672C3023B} = {C5FBE174-8E0F-F5A3-B929-8BD0C55C0A32}
		{6306A8FB-679E-111F-6585-8F70E0EE6013} = {827E0CD3-B72D-47B6-A68D-7590B98EB39B}
		{955C4A9C-4F29-4EF7-909B-D57DC080425A} = {6306A8FB-679E-111F-6585-8F70E0EE6013}
	EndGlobalSection
EndGlobal
